# This file is generated by running "yarn install" inside your project.
# Manual changes might be lost - proceed with caution!

__metadata:
  version: 4
  cacheKey: 7

"@cspotcode/source-map-consumer@npm:0.8.0":
  version: 0.8.0
  resolution: "@cspotcode/source-map-consumer@npm:0.8.0"
  checksum: fc32215a353c7b3d039f5d4b93329200264daeabb0739dcf53eb78f779e37e5f5c281aad281f86781c930011d354612aafab887304451a46f16b10f0f919297f
  languageName: node
  linkType: hard

"@cspotcode/source-map-support@npm:0.6.1":
  version: 0.6.1
  resolution: "@cspotcode/source-map-support@npm:0.6.1"
  dependencies:
    "@cspotcode/source-map-consumer": 0.8.0
  checksum: eda5227576981f3a16bd1b0940f11bffe96a7dad36da6f2e5e3a8ee5b3ecb153359df08084684509adc63ffe12e14894b6f6f8f9423780895cf7cd9d66c8bbd6
  languageName: node
  linkType: hard

"@sindresorhus/is@npm:^4.0.0":
  version: 4.0.0
  resolution: "@sindresorhus/is@npm:4.0.0"
  checksum: 7022d5037ff778c5c369c353e16a173c3797de5f4196b631ec00b0f710a3ccb016937ce454d4fac6ca32d695ed30a59444e941f8f78ff7692dc3c50959b3fe61
  languageName: node
  linkType: hard

"@szmarczak/http-timer@npm:^4.0.5":
  version: 4.0.5
  resolution: "@szmarczak/http-timer@npm:4.0.5"
  dependencies:
    defer-to-connect: ^2.0.0
  checksum: 13d8f71dbd792b620b2cd13d72d086ef031ebefd5263a9db2f34693a32e4d90920fa1d7075cd59bf0c9810b2b1b93ad36d89fc88aba4cd3b8022df7ecc5ffdec
  languageName: node
  linkType: hard

"@tsconfig/node10@npm:^1.0.7":
  version: 1.0.8
  resolution: "@tsconfig/node10@npm:1.0.8"
  checksum: 0336493b89fb7c06409a1247a3fb00fac2755f21f3f8ae4b9dd2457859abfc5e8ca42b6d9ca5a279fe81bc70fe1f3450eef61e5dd5a63a7b4a6946ff31874816
  languageName: node
  linkType: hard

"@tsconfig/node12@npm:^1.0.7":
  version: 1.0.9
  resolution: "@tsconfig/node12@npm:1.0.9"
  checksum: 5532bfb5df47ed3a507da533c731a2fb80ee2e886edadbf20e664dcd3172d5c159577a281d15733b8d0c30bfa4e6b48496bef0704192c085520bc76bb9938068
  languageName: node
  linkType: hard

"@tsconfig/node14@npm:^1.0.0":
  version: 1.0.1
  resolution: "@tsconfig/node14@npm:1.0.1"
  checksum: d0068287dba46dc98e7d49c229b0fee034fbac2bb4bc2efe12cc67227a1c68ec0728ca1e535dff7f033f7455de6c67e9b8f9d90f4fc3bb07c0d9ac08186fe65c
  languageName: node
  linkType: hard

"@tsconfig/node16@npm:^1.0.2":
  version: 1.0.2
  resolution: "@tsconfig/node16@npm:1.0.2"
  checksum: 57310e88858be59b36603e5d9bd7bd1714d16402ef1e536c01521ad3b207833a2fc64d260d362cae07bf4e50759a3aba3958c2faf9c42b52c4c817be60a93123
  languageName: node
  linkType: hard

"@types/cacheable-request@npm:^6.0.1":
  version: 6.0.1
  resolution: "@types/cacheable-request@npm:6.0.1"
  dependencies:
    "@types/http-cache-semantics": "*"
    "@types/keyv": "*"
    "@types/node": "*"
    "@types/responselike": "*"
  checksum: 3dae802a0808573986c56b92bf16cd031a5b648b6c893d20c7ef6bfda3fc72a2107c7978697d2b27b14febc597162d6959985eeb5befc307a9f9f3c5081d4905
  languageName: node
  linkType: hard

"@types/dotenv@npm:^8.2.0":
  version: 8.2.0
  resolution: "@types/dotenv@npm:8.2.0"
  dependencies:
    dotenv: "*"
  checksum: 8b4d00f8849c550a6888b8f426f85f14171bf1bab53f6b2683bd71a25869a93cb4b960f4fa8de592f2b4c43366240fc9c50d89e6cc1cffffafbb843879c6fdd6
  languageName: node
  linkType: hard

"@types/got@npm:^9.6.11":
  version: 9.6.11
  resolution: "@types/got@npm:9.6.11"
  dependencies:
    "@types/node": "*"
    "@types/tough-cookie": "*"
    form-data: ^2.5.0
  checksum: f0c0becccd69329146014b4179bca0ee1fb45ad937e165ab77cfeae3a623051eb7cfd1c6d71202e82ae35a3e89d95f1f6a1c567a9dd300c991e75e816fd29f9f
  languageName: node
  linkType: hard

"@types/http-cache-semantics@npm:*":
  version: 4.0.0
  resolution: "@types/http-cache-semantics@npm:4.0.0"
  checksum: e16fae56d4daea4ed678b4d5918b693b44ca12fb5e479b87d242d3a35bf3a014974dcf9ed7aba7e29149fdb6c3719f9987fca51b20ef10aa84b58f86553c2f74
  languageName: node
  linkType: hard

"@types/keyv@npm:*":
  version: 3.1.1
  resolution: "@types/keyv@npm:3.1.1"
  dependencies:
    "@types/node": "*"
  checksum: 3aaf557d5b82e733d5a17b7f55af5d6be953363c3a594f006d64265790fe87c301c6e1400c0b6b1cf72add50a0ceddc25afb8231ab8302a2e5b6ebfbfac30e5d
  languageName: node
  linkType: hard

"@types/luxon@npm:^2.0.3":
  version: 2.0.4
  resolution: "@types/luxon@npm:2.0.4"
  checksum: cc785e798185191401991c58b8f3e0a62cd882c64c457ffc0d532899529124fb9a6b31e1d35067c92f9e68d1242410ea37b86e534124a687c47096844126866d
  languageName: node
  linkType: hard

"@types/node@npm:*, @types/node@npm:^14.14.37":
  version: 14.14.37
  resolution: "@types/node@npm:14.14.37"
  checksum: 5e2d9baf7594ebacaf016716515f30de0765169412787f981481c2fb8b468923149bb9e2e3219ee672399811672ceddc339a7372a61cf15bc656836a5494d991
  languageName: node
  linkType: hard

"@types/responselike@npm:*, @types/responselike@npm:^1.0.0":
  version: 1.0.0
  resolution: "@types/responselike@npm:1.0.0"
  dependencies:
    "@types/node": "*"
  checksum: e6e6613c800aeda63e2331e753e8d21df1a2c9aa7a4bc71ed792a848e4811fc96e609759089355314a2318c76eff1f161499cd242044838ab1e6f56e463ebb9c
  languageName: node
  linkType: hard

"@types/tough-cookie@npm:*":
  version: 4.0.0
  resolution: "@types/tough-cookie@npm:4.0.0"
  checksum: 5a0cccc6d073b84dbb48d603e692b55ac30cea1653a7fc813e97a3bcaa9edd97c703c15727378d632e416a90178e6da657151eba8175cbb201a9a98de22ac3a8
  languageName: node
  linkType: hard

"@types/tough-cookie@npm:^4.0.1":
  version: 4.0.1
  resolution: "@types/tough-cookie@npm:4.0.1"
  checksum: 6029227c6871936c357a0d1e7e91b163b24bbfd5647465c9c4961a9db2d1dccbfb0d05c14b2583853a7432638d8a8ccd68df071a7e926400e0573c20d6ad936e
  languageName: node
  linkType: hard

"acorn-walk@npm:^8.1.1":
  version: 8.2.0
  resolution: "acorn-walk@npm:8.2.0"
  checksum: 93ffbdb8b35dda04313f1d6a94bdfdf8f929337f742e3a6d51b3026ced8471feb6a522646240809da44b0f576f4902ff2fa0c64292b3216478992aefcbde3278
  languageName: node
  linkType: hard

"acorn@npm:^8.4.1":
  version: 8.5.0
  resolution: "acorn@npm:8.5.0"
  bin:
    acorn: bin/acorn
  checksum: 989ff8bf4b1f37d3c719c1dce785524344d2e3859ac9d851e25a0af9f4f8cddfb15f6b83560bf57508daebe76faaf2ee2a089ecb984ad4ac6236b594bc41abbb
  languageName: node
  linkType: hard

"arg@npm:^4.1.0":
  version: 4.1.3
  resolution: "arg@npm:4.1.3"
  checksum: 81b3b40b1529c4fbf75b12f7c3e6fb2dcce9e78072063babc169de9b4f40777788f3d2b04380f659ef676a756e03ccfbfe78adf4477353bda906295fa69dab89
  languageName: node
  linkType: hard

"asynckit@npm:^0.4.0":
  version: 0.4.0
  resolution: "asynckit@npm:0.4.0"
  checksum: a024000b9ddd938e2f27b3cb8188f96a5e1fff58185e98b84862fc4e01de279a547874a800340c2b106bb9de9b0fc61c6c683bc6892abf65e6be29a96addafd3
  languageName: node
  linkType: hard

"balanced-match@npm:^1.0.0":
  version: 1.0.0
  resolution: "balanced-match@npm:1.0.0"
  checksum: f515a605fe1b59f476f7477c5e1d53ad55b4f42982fca1d57b6701906f4ad1f1ac90fd6587d92cc1af2edb43eecf979214dd847ee410a6de9db4ebf0dd128d62
  languageName: node
  linkType: hard

"base64-js@npm:^1.3.1":
  version: 1.5.1
  resolution: "base64-js@npm:1.5.1"
  checksum: c1b41a26ddc6620eb7f1ee6c29c812f5942a4e328e74263f995872cfb8ca3aee08542beb25cd10fd7ef16e4f16603e25c35a26e776c01fd55277e5035e829e0e
  languageName: node
  linkType: hard

"bl@npm:^4.0.2":
  version: 4.1.0
  resolution: "bl@npm:4.1.0"
  dependencies:
    buffer: ^5.5.0
    inherits: ^2.0.4
    readable-stream: ^3.4.0
  checksum: 15d009339c2eeaedb9dab39c48f910a2fd6a9ba11400e61990917ebf3b25fa32cd9b80c7531a95467078258f6a59bd3f5d93323565423a7843855a16a1794261
  languageName: node
  linkType: hard

"brace-expansion@npm:^1.1.7":
  version: 1.1.11
  resolution: "brace-expansion@npm:1.1.11"
  dependencies:
    balanced-match: ^1.0.0
    concat-map: 0.0.1
  checksum: 4c878e25e4858baf801945dfd63eb68feab2e502cf1122f25f3915c0e3bf397af3a93ff6bef0798db41c0d81ef28c08e55daac38058710f749a3b96eee6b8f40
  languageName: node
  linkType: hard

"buffer-from@npm:^1.0.0":
  version: 1.1.1
  resolution: "buffer-from@npm:1.1.1"
  checksum: 540ceb79c4f5bfcadaabbc18324fa84c50dc52905084be7c03596a339cf5a88513bee6831ce9b36ddd046fab09257a7c80686e129d0559a0cfd141da196ad956
  languageName: node
  linkType: hard

"buffer@npm:^5.5.0":
  version: 5.7.1
  resolution: "buffer@npm:5.7.1"
  dependencies:
    base64-js: ^1.3.1
    ieee754: ^1.1.13
  checksum: 1750ac396eb36e0157ff5299509723ac0681338ef6cd40b039bc86d59c8b9a9494e99db992836eb6d637de0b270b53ec1a62d4a1c9faeaa51468cc340e553984
  languageName: node
  linkType: hard

"cacheable-lookup@npm:^5.0.3":
  version: 5.0.4
  resolution: "cacheable-lookup@npm:5.0.4"
  checksum: cb5849f5841e37f007aeaea2516ecf2cb0a9730667694d131331a04413f6c3bf2587391d55003cc2b95ef59085b5f50ac9887a0b7c673fc0c8102bcc69b6d73d
  languageName: node
  linkType: hard

"cacheable-request@npm:^7.0.1":
  version: 7.0.1
  resolution: "cacheable-request@npm:7.0.1"
  dependencies:
    clone-response: ^1.0.2
    get-stream: ^5.1.0
    http-cache-semantics: ^4.0.0
    keyv: ^4.0.0
    lowercase-keys: ^2.0.0
    normalize-url: ^4.1.0
    responselike: ^2.0.0
  checksum: fe0b6f3b8a145c98fecc00f0f1b13a9886cad9bf4537533c5568cba19db81c8ee09ace9c61967d5a4e72615e174d771b6b8080c3816f0b74fc6f9c69060c3ff0
  languageName: node
  linkType: hard

"callback-stream@npm:^1.0.2":
  version: 1.1.0
  resolution: "callback-stream@npm:1.1.0"
  dependencies:
    inherits: ^2.0.1
    readable-stream: "> 1.0.0 < 3.0.0"
  checksum: da80edd08484af901929f5b64fd45df447098a8433d7f8f696772dd2d77b94e27d8a626e4504904d1b80d75f8b3d0ada6e3e3d6ee89471897902d46187946d86
  languageName: node
  linkType: hard

"clone-response@npm:^1.0.2":
  version: 1.0.2
  resolution: "clone-response@npm:1.0.2"
  dependencies:
    mimic-response: ^1.0.0
  checksum: 71832f9219f2682b0915bdbc0dd187ba8e63d16b0af5342b44f97b34afe9400a1f528a253dd2f70a8dd8b23bfa4c4e106928fcc520fa5899d769af95e4cce53c
  languageName: node
  linkType: hard

"combined-stream@npm:^1.0.6":
  version: 1.0.8
  resolution: "combined-stream@npm:1.0.8"
  dependencies:
    delayed-stream: ~1.0.0
  checksum: 5791ce7944530f0db74a97e77ea28b6fdbf89afcf038e41d6b4195019c4c803cd19ed2905a54959e5b3830d50bd5d6f93c681c6d3aaea8614ad43b48e62e9d65
  languageName: node
  linkType: hard

"commist@npm:^1.0.0":
  version: 1.1.0
  resolution: "commist@npm:1.1.0"
  dependencies:
    leven: ^2.1.0
    minimist: ^1.1.0
  checksum: 4a184b6724006ad4d89edc7a0e286a0762876b0db487636aadf1db890ec9b044c7766f7f2702afba5af470ebc520a2ba00b2b1a34a26f1de3a47ee94236c8225
  languageName: node
  linkType: hard

"concat-map@npm:0.0.1":
  version: 0.0.1
  resolution: "concat-map@npm:0.0.1"
  checksum: 554e28d9ee5aa6e061795473ee092cb3d3a2cbdb76c35416e0bb6e03f136d7d07676da387b2ed0ec4106cedbb6534080d9abc48ecc4a92b76406cf2d0c3c0c4b
  languageName: node
  linkType: hard

"concat-stream@npm:^2.0.0":
  version: 2.0.0
  resolution: "concat-stream@npm:2.0.0"
  dependencies:
    buffer-from: ^1.0.0
    inherits: ^2.0.3
    readable-stream: ^3.0.2
    typedarray: ^0.0.6
  checksum: 286f55bb6a41f290248b0c4b1fa84f08b1d7f248634bf5907b1b946e28b537b8f95bd6100f10394e9d870fcec9ed50d4636dfc68c0b7e820b06c7f84814edb43
  languageName: node
  linkType: hard

"core-util-is@npm:~1.0.0":
  version: 1.0.2
  resolution: "core-util-is@npm:1.0.2"
  checksum: 089015ee3c462dfceba70faa1df83b42a7bb35db26dae6af283247b06fe3216c65fccd9f00eebcaf98300dc31e981d56aae9f90b624f8f6ff1153e235ff88b65
  languageName: node
  linkType: hard

"create-require@npm:^1.1.0":
  version: 1.1.1
  resolution: "create-require@npm:1.1.1"
  checksum: babd307893abfb26d77ae11cb9d6b6cfa6d18c9cee435cf70b5a3fb44aa8d90c9ec26ea89cbb16e0a94b8d34f5fcaee164b90ed526cdd3158955673ab9652d01
  languageName: node
  linkType: hard

"debug@npm:^4.1.1":
  version: 4.3.2
  resolution: "debug@npm:4.3.2"
  dependencies:
    ms: 2.1.2
  peerDependenciesMeta:
    supports-color:
      optional: true
  checksum: 5543570879e2274f6725d4285a034d6e0822d35faefc6f55965933fb440e8c21eb3a0bef934e66f4b6b491f898ee2de37cab980e9d4fd61372136c19d3ce4527
  languageName: node
  linkType: hard

"decompress-response@npm:^6.0.0":
  version: 6.0.0
  resolution: "decompress-response@npm:6.0.0"
  dependencies:
    mimic-response: ^3.1.0
  checksum: bb8b8c42be7767994764d27f91a3949e3dc9008da82f1aaeab1de40f1ebb50d7abf17b31b2e4000f8d267a1e75f76052efd58d4419124c04bf430e184c164fad
  languageName: node
  linkType: hard

"defer-to-connect@npm:^2.0.0":
  version: 2.0.1
  resolution: "defer-to-connect@npm:2.0.1"
  checksum: 6641e6377732f3066e5f101ae4f22de6b85c45fda3ff0cd710412901af7570cfbb77c9c25cb6dcd5d1b52b816e37fccfc013c9ec7f1f6a95823773625e8be6c5
  languageName: node
  linkType: hard

"delayed-stream@npm:~1.0.0":
  version: 1.0.0
  resolution: "delayed-stream@npm:1.0.0"
  checksum: d9dfb0a7c79fd308fada9db2cf29d1ff22047ceb50dd78f7e3c173567909b438f418259cb76a6d9c9f513e88ef41d3a14154f618741ec8368c3efeff616d0c9f
  languageName: node
  linkType: hard

"diff@npm:^4.0.1":
  version: 4.0.2
  resolution: "diff@npm:4.0.2"
  checksum: 81b5cd7ddde6f0ba2a532d434cfdca365aedd6cc62bb133e851e66e071d40382a30924a07c1034bd3d5a2e332146f64514b73c06fe2ebc0490a67f0c98da79fb
  languageName: node
  linkType: hard

"dotenv@npm:*":
  version: 9.0.1
  resolution: "dotenv@npm:9.0.1"
  checksum: d269ad03ed91e8f44a77fbf04ac6f67678b22a7ca2094f3033e1197d5d4756be29ad1ea3951a335149a2363889144a6b171dc91fda88a60114c5dd388a6e17d3
  languageName: node
  linkType: hard

"dotenv@npm:^10.0.0":
  version: 10.0.0
  resolution: "dotenv@npm:10.0.0"
  checksum: 9c45712e213de63bdb646b8e5344749b7566e25a67bbd3f03711d54e40eff10066c1f23eff0081d0949fda7c8efcc6e9e8bf18d0f023a8274f55f5d5f97bb6db
  languageName: node
  linkType: hard

"duplexify@npm:^3.6.0":
  version: 3.7.1
  resolution: "duplexify@npm:3.7.1"
  dependencies:
    end-of-stream: ^1.0.0
    inherits: ^2.0.1
    readable-stream: ^2.0.0
    stream-shift: ^1.0.0
  checksum: 9581cdb8f6304fdaacb8bbe2b8b393a8da3ece3086dd24070601b70f08ca417305b4f3a94699b984c4981dceb6eebb4c132abfe0445baacfd04f2b66a0524cda
  languageName: node
  linkType: hard

"duplexify@npm:^4.1.1":
  version: 4.1.1
  resolution: "duplexify@npm:4.1.1"
  dependencies:
    end-of-stream: ^1.4.1
    inherits: ^2.0.3
    readable-stream: ^3.1.1
    stream-shift: ^1.0.0
  checksum: 955470757e3fbacf57ebb404c1605fc2a517dff27a1f5b1e3f86d00d32b22d8ce962657bf120f9c2eb585c47441b7b6a5d1a621c22d627dd6936dda17801828a
  languageName: node
  linkType: hard

"end-of-stream@npm:^1.0.0, end-of-stream@npm:^1.1.0, end-of-stream@npm:^1.4.1":
  version: 1.4.4
  resolution: "end-of-stream@npm:1.4.4"
  dependencies:
    once: ^1.4.0
  checksum: 7da60e458bdb5e16c006a45e85ef3bc1e3791db5ba275b0913258ccddc8899acb9252c4ddbcce87bd1b46e2a3f97315aafb9f0c0330e8aac44defb504a9d3ccd
  languageName: node
  linkType: hard

"entia@workspace:.":
  version: 0.0.0-use.local
  resolution: "entia@workspace:."
  dependencies:
    "@types/dotenv": ^8.2.0
    "@types/got": ^9.6.11
    "@types/luxon": ^2.0.3
    "@types/node": ^14.14.37
    "@types/tough-cookie": ^4.0.1
    dotenv: ^10.0.0
    got: ^11.8.2
    luxon: ^2.0.2
    mqtt: ^4.2.6
    tough-cookie: ^4.0.0
    ts-node: ^10.2.1
    typescript: ^4.2.3
  languageName: unknown
  linkType: soft

"extend@npm:^3.0.0":
  version: 3.0.2
  resolution: "extend@npm:3.0.2"
  checksum: 1406da1f0c4b00b839497e4cdd0ec4303ce2ae349144b7c28064a5073c93ce8c08da4e8fb1bc5cb459ffcdff30a35fc0fe54344eb88320e70100c1baea6f195c
  languageName: node
  linkType: hard

"form-data@npm:^2.5.0":
  version: 2.5.1
  resolution: "form-data@npm:2.5.1"
  dependencies:
    asynckit: ^0.4.0
    combined-stream: ^1.0.6
    mime-types: ^2.1.12
  checksum: c46ee9a14a8678b6e0dfafabc96e25237d9f11ced9c51cd371a2b3448f6a3f2fa684b3bbbb35911bae8f5448b3f3c48c73f7f2be791a4ae5aee0eb0ab3cdfec2
  languageName: node
  linkType: hard

"fs.realpath@npm:^1.0.0":
  version: 1.0.0
  resolution: "fs.realpath@npm:1.0.0"
  checksum: 698a91b1695e3926185c9e5b0dd57cf687dceb4eb73799af91e6b2ab741735e2962c366c5af6403ffddae2619914193bd339efa706fdc984d0ffc74b7a3603f4
  languageName: node
  linkType: hard

"get-stream@npm:^5.1.0":
  version: 5.2.0
  resolution: "get-stream@npm:5.2.0"
  dependencies:
    pump: ^3.0.0
  checksum: c71c5625f4573a33823371da253b4183df6bdb28cb678d03bab9b5f91626d92d6f3f5ae2404c5efdc1248fbb82204e4dae4283c7ff3cc14e505754f9f748f217
  languageName: node
  linkType: hard

"glob-parent@npm:^3.1.0":
  version: 3.1.0
  resolution: "glob-parent@npm:3.1.0"
  dependencies:
    is-glob: ^3.1.0
    path-dirname: ^1.0.0
  checksum: 2827ec4405295b660d5ec3e400d84d548a22fc38c3de8fb4586258248bb24afc4515f377935fd80b8397debeb56ffe0d2f4e91233e3a1377fe0d1ddbceb605fc
  languageName: node
  linkType: hard

"glob-stream@npm:^6.1.0":
  version: 6.1.0
  resolution: "glob-stream@npm:6.1.0"
  dependencies:
    extend: ^3.0.0
    glob: ^7.1.1
    glob-parent: ^3.1.0
    is-negated-glob: ^1.0.0
    ordered-read-streams: ^1.0.0
    pumpify: ^1.3.5
    readable-stream: ^2.1.5
    remove-trailing-separator: ^1.0.1
    to-absolute-glob: ^2.0.0
    unique-stream: ^2.0.2
  checksum: b453b3da5a4507722597cfaf0b93756caa09cc8d7cdd13aabce04104804dc5b010afc93d72bcbd87b2f3f8f600e953a42bb2ebdeeb62586eba016fc9961b86b7
  languageName: node
  linkType: hard

"glob@npm:^7.1.1":
  version: 7.1.6
  resolution: "glob@npm:7.1.6"
  dependencies:
    fs.realpath: ^1.0.0
    inflight: ^1.0.4
    inherits: 2
    minimatch: ^3.0.4
    once: ^1.3.0
    path-is-absolute: ^1.0.0
  checksum: 789977b52432865bd63846da5c75a6efc2c56abdc0cb5ffcdb8e91eeb67a58fa5594c1195d18b2b4aff99675b0739ed6bd61024b26562e0cca18c8f993efdc82
  languageName: node
  linkType: hard

"got@npm:^11.8.2":
  version: 11.8.2
  resolution: "got@npm:11.8.2"
  dependencies:
    "@sindresorhus/is": ^4.0.0
    "@szmarczak/http-timer": ^4.0.5
    "@types/cacheable-request": ^6.0.1
    "@types/responselike": ^1.0.0
    cacheable-lookup: ^5.0.3
    cacheable-request: ^7.0.1
    decompress-response: ^6.0.0
    http2-wrapper: ^1.0.0-beta.5.2
    lowercase-keys: ^2.0.0
    p-cancelable: ^2.0.0
    responselike: ^2.0.0
  checksum: 6415f98ec249e932ca8223396e58ec18017ade64e21efc40db62f994f3551eaf7eca945671d40b2486f0650b1f17b5a2a0f11655ea501712566ef60be010f07f
  languageName: node
  linkType: hard

"help-me@npm:^1.0.1":
  version: 1.1.0
  resolution: "help-me@npm:1.1.0"
  dependencies:
    callback-stream: ^1.0.2
    glob-stream: ^6.1.0
    through2: ^2.0.1
    xtend: ^4.0.0
  checksum: 170d51fdbf6c14cde556cbc4ab9b09cbfbbefb8dd8b15037fe50c36ad0f89620c2289fda2f6d16e2dcd1eda5fc3339990c6a161a5427bff30598ab9c2f75b701
  languageName: node
  linkType: hard

"http-cache-semantics@npm:^4.0.0":
  version: 4.1.0
  resolution: "http-cache-semantics@npm:4.1.0"
  checksum: 451df9784af2acbe0cc1fd70291285c08ca4a8966ab5ee4d3975e003d1ad4d74c81473086d628f31296b31221966fda8bc5ea1e29dd8f1f33f9fc2b0fdca65ca
  languageName: node
  linkType: hard

"http2-wrapper@npm:^1.0.0-beta.5.2":
  version: 1.0.3
  resolution: "http2-wrapper@npm:1.0.3"
  dependencies:
    quick-lru: ^5.1.1
    resolve-alpn: ^1.0.0
  checksum: 2fc0140a69558cf1352372ed6cdf94eb6d108b2755ca087a5626044667033ca9fd6d0e5e04db3c3d2129aadff99b9b07b5bcf3952f5b7138926cb7a1d3128c6e
  languageName: node
  linkType: hard

"ieee754@npm:^1.1.13":
  version: 1.2.1
  resolution: "ieee754@npm:1.2.1"
  checksum: 6c1cfab995ecab3b0dbb6cfb7e192686eb02f0f8e788f2d962e1fc02e2d5ab38a85e06d417221f136bd029663a77cdb920d99605d68d3730a05597dd7910426a
  languageName: node
  linkType: hard

"inflight@npm:^1.0.4":
  version: 1.0.6
  resolution: "inflight@npm:1.0.6"
  dependencies:
    once: ^1.3.0
    wrappy: 1
  checksum: 17c53fc42cbe7f7f471d2bc41b97a0cde4b79a74d5ff59997d3f75210566fa278e17596da526d43de2bd07e222706240ce50e60097e54f2cde2e64cbbb372638
  languageName: node
  linkType: hard

"inherits@npm:2, inherits@npm:^2.0.1, inherits@npm:^2.0.3, inherits@npm:^2.0.4, inherits@npm:~2.0.3":
  version: 2.0.4
  resolution: "inherits@npm:2.0.4"
  checksum: 98426da247ddfc3dcd7d7daedd90c3ca32d5b08deca08949726f12d49232aef94772a07b36cf4ff833e105ae2ef931777f6de4a6dd8245a216b9299ad4a50bea
  languageName: node
  linkType: hard

"is-absolute@npm:^1.0.0":
  version: 1.0.0
  resolution: "is-absolute@npm:1.0.0"
  dependencies:
    is-relative: ^1.0.0
    is-windows: ^1.0.1
  checksum: 4b8ebda658ee6d820cc9ef77c7228f5048e4824cd0092415d41d94ae9d59d8cf27cb1a322958161059be1887d7d8bc85ef10e1444ed763731b45229b74bb7ad1
  languageName: node
  linkType: hard

"is-extglob@npm:^2.1.0":
  version: 2.1.1
  resolution: "is-extglob@npm:2.1.1"
  checksum: ca623e2c56c893714a237aff645ec7caa8fea4d78868682af8d6803d7f0780323f8d566311e0dc6f942c886e81cbfa517597e48fcada7f3bf78a4d099eeecdd3
  languageName: node
  linkType: hard

"is-glob@npm:^3.1.0":
  version: 3.1.0
  resolution: "is-glob@npm:3.1.0"
  dependencies:
    is-extglob: ^2.1.0
  checksum: 9911e04e28285c50bfd5ff79950c6cf712ed9d959ef640acba2daeca8a17a921494b78b3143d5d1749c4dc3bbeb296b8955064a4f17d014112f0c63a239322d6
  languageName: node
  linkType: hard

"is-negated-glob@npm:^1.0.0":
  version: 1.0.0
  resolution: "is-negated-glob@npm:1.0.0"
  checksum: add3803c20bc80cfc8151eb618fe9ee537d2cf5dfa77080100c3262207943627fc562e671d457f88bcc52b788dc588fdaf2bdbfa753f02d1449912aab5286069
  languageName: node
  linkType: hard

"is-relative@npm:^1.0.0":
  version: 1.0.0
  resolution: "is-relative@npm:1.0.0"
  dependencies:
    is-unc-path: ^1.0.0
  checksum: a93a7b57d8fa2090757eb2193a58fcf318cd2963787d25cd756842b75c1d78a814105245deec16303a0df3e9263dbb587d55545ad684d6035b3534016a2bc4b3
  languageName: node
  linkType: hard

"is-unc-path@npm:^1.0.0":
  version: 1.0.0
  resolution: "is-unc-path@npm:1.0.0"
  dependencies:
    unc-path-regex: ^0.1.2
  checksum: ee43c89aa0dcf0292e50b0994cdb02d8c14bebea54d87f447915374982a66ffdf6e24780c7306c23a454a083c5b05a87dc84c9432bb17bbeddb1a4c6e52575c0
  languageName: node
  linkType: hard

"is-windows@npm:^1.0.1":
  version: 1.0.2
  resolution: "is-windows@npm:1.0.2"
  checksum: dd1ed8339a28c68fb52f05931c832488dafc90063e53b97a69ead219a5584d7f3e6e564731c2f983962ff5403afeb05365d88ce9af34c8dae76a14911020d73a
  languageName: node
  linkType: hard

"isarray@npm:~1.0.0":
  version: 1.0.0
  resolution: "isarray@npm:1.0.0"
  checksum: b0ff31a290e783f7b3fb73f2951ee7fc2946dc197b05f73577dc77f87dc3be2e0f66007bedf069123d4e5c4b691e7c89a241f6ca06f0c0f4765cdac5aa4b4047
  languageName: node
  linkType: hard

"json-buffer@npm:3.0.1":
  version: 3.0.1
  resolution: "json-buffer@npm:3.0.1"
  checksum: 78011309cb53c19195702ece9e282c8c58d7facd8d6e286857fd4daf511f0bd93424498898d0b9ecfde6ab8e87a2ab0c0a654fba4b1a4ec81fa51f2c48a5ddba
  languageName: node
  linkType: hard

"json-stable-stringify-without-jsonify@npm:^1.0.1":
  version: 1.0.1
  resolution: "json-stable-stringify-without-jsonify@npm:1.0.1"
  checksum: a01b6c65413b2d0dd6797004ace6166bb6f8a0a2a77c742966021c74233cebe48de3c33223f003a9e8e4a241bb882fe92141e538e7e1dad58afd32649444e269
  languageName: node
  linkType: hard

"keyv@npm:^4.0.0":
  version: 4.0.3
  resolution: "keyv@npm:4.0.3"
  dependencies:
    json-buffer: 3.0.1
  checksum: 63527e3d010dd9b8f8e62435130cdb1518de7b7d0ebafcff1359611caa0e79c7f80f1863ff73e712d99ce69fa06be62b66a78fb5cfee6483f2f95eeac340f12b
  languageName: node
  linkType: hard

"leven@npm:^2.1.0":
  version: 2.1.0
  resolution: "leven@npm:2.1.0"
  checksum: fcd39dd4d7cf26e0144641fd44293e6721d3ef785b5b1e97e8f179eaabbaf3a4aeb794ad6b8ba81de41183905f4f573ac21e783ec1375b6936cc46178087264e
  languageName: node
  linkType: hard

"lowercase-keys@npm:^2.0.0":
  version: 2.0.0
  resolution: "lowercase-keys@npm:2.0.0"
  checksum: 4da67f41865a25360bb05749a66a83c60987c7efa0b8ec443941a19978c21ba916ae9fedca25b96fc652026c4264a437d3fec099d1949716b5483eec42395ec9
  languageName: node
  linkType: hard

"luxon@npm:^2.0.2":
  version: 2.0.2
  resolution: "luxon@npm:2.0.2"
  checksum: ea82fa2034e9d2e3b508f26bcf648771cacb8c988f6f9ff09f542efc6d6883251caab30e867019882cfb073a57da8d707ea515c7a3cd62ef50b25787a91d8697
  languageName: node
  linkType: hard

"make-error@npm:^1.1.1":
  version: 1.3.6
  resolution: "make-error@npm:1.3.6"
  checksum: 2c780bab8409b865e8ee86697c599a2bf2765ec64d21eb67ccda27050e039f983feacad05a0d43aba3c966ea03d305d2612e94fec45474bcbc61181f57c5bb88
  languageName: node
  linkType: hard

"mime-db@npm:1.47.0":
  version: 1.47.0
  resolution: "mime-db@npm:1.47.0"
  checksum: f5f9220dd53c240c9234323571f632486c663e36676ebfdca9963fb9a92d1dd28b16124bceff60868fb70743764ade8466dd5e6a1a833decde89ae6d15211503
  languageName: node
  linkType: hard

"mime-types@npm:^2.1.12":
  version: 2.1.30
  resolution: "mime-types@npm:2.1.30"
  dependencies:
    mime-db: 1.47.0
  checksum: c7ca8a9980bdae0b760820aded39ea9541a8236f4abc105df645ea5b09a9c4a5299e28667c0c9596ab8e4ca84b219fd8b94b5c68e32b59891ca1f57a7e848c02
  languageName: node
  linkType: hard

"mimic-response@npm:^1.0.0":
  version: 1.0.1
  resolution: "mimic-response@npm:1.0.1"
  checksum: 64b43c717ed8710bc920576e96d38d0e504e9eec3114af8e00c9e3d7ae53cd459ee38febb0badc83e3a4e6d21cd571db43e9011f8cf014809989c87a1a9f0ea4
  languageName: node
  linkType: hard

"mimic-response@npm:^3.1.0":
  version: 3.1.0
  resolution: "mimic-response@npm:3.1.0"
  checksum: cfbf19f66de6ad46df7481d9e8c1a7f30b6fa77dd771ad4a72a0443265041a39768182bde6d1de39001c2774168635bc74f42902e401c8ba33db55d69b773004
  languageName: node
  linkType: hard

"minimatch@npm:^3.0.4":
  version: 3.0.4
  resolution: "minimatch@npm:3.0.4"
  dependencies:
    brace-expansion: ^1.1.7
  checksum: 47eab9263962cacd5733e274ecad2d8e54b0f8e124ba35ae69189e296058f634a4967b87a98954f86fa5c830ff177caf827ce0136d28717ed3232951fb4fae62
  languageName: node
  linkType: hard

"minimist@npm:^1.1.0, minimist@npm:^1.2.5":
  version: 1.2.5
  resolution: "minimist@npm:1.2.5"
  checksum: b77b8590147a4e217ff34266236bc39de23b52e6e33054076991ff674c7397a1380a7bde11111916f16f003a94aaa7e4f3d92595a32189644ff607fabc65a5b6
  languageName: node
  linkType: hard

"mqtt-packet@npm:^6.6.0":
  version: 6.9.0
  resolution: "mqtt-packet@npm:6.9.0"
  dependencies:
    bl: ^4.0.2
    debug: ^4.1.1
    process-nextick-args: ^2.0.1
  checksum: 3ddcd340aec08d23840459354f51b2e1704fcba2d389d717dad5eaab1e690be92ad748d747df59ee385c436e27fbe13e49b972f1107dc3cf9dc807ae8795f7f7
  languageName: node
  linkType: hard

"mqtt@npm:^4.2.6":
  version: 4.2.6
  resolution: "mqtt@npm:4.2.6"
  dependencies:
    commist: ^1.0.0
    concat-stream: ^2.0.0
    debug: ^4.1.1
    help-me: ^1.0.1
    inherits: ^2.0.3
    minimist: ^1.2.5
    mqtt-packet: ^6.6.0
    pump: ^3.0.0
    readable-stream: ^3.6.0
    reinterval: ^1.1.0
    split2: ^3.1.0
    ws: ^7.3.1
    xtend: ^4.0.2
  bin:
    mqtt: bin/mqtt.js
    mqtt_pub: bin/pub.js
    mqtt_sub: bin/sub.js
  checksum: c47654c3c653741d4255d916ad32d29fbf01e9c10bff5ea4c8567772d5ad296f81825b5b2abc36a2132c5336a01d4312cc53d3ff14456a000a7283bd135610bb
  languageName: node
  linkType: hard

"ms@npm:2.1.2":
  version: 2.1.2
  resolution: "ms@npm:2.1.2"
  checksum: 9b65fb709bc30c0c07289dcbdb61ca032acbb9ea5698b55fa62e2cebb04c5953f1876a1f3f7f4bc2e91d4bf4d86003f3e207c3bc6ee2f716f99827e62389cd0e
  languageName: node
  linkType: hard

"normalize-url@npm:^4.1.0":
  version: 4.5.0
  resolution: "normalize-url@npm:4.5.0"
  checksum: 09794941dbe5c7b91caf6f3cd1ae167c27f6d09793e4a03601a68b62de7e8ee9e5de21a246130cdbab98b01481de292f9556d492444a527648f9cf1220e4b0df
  languageName: node
  linkType: hard

"once@npm:^1.3.0, once@npm:^1.3.1, once@npm:^1.4.0":
  version: 1.4.0
  resolution: "once@npm:1.4.0"
  dependencies:
    wrappy: 1
  checksum: 57afc246536cf6494437f982b26475f22bee860f8b77ce8eb1543f42a8bffe04b2c66ddfea9a16cb25ccb80943f8ee4fc639367ef97b7a6a4f2672eb573963f5
  languageName: node
  linkType: hard

"ordered-read-streams@npm:^1.0.0":
  version: 1.0.1
  resolution: "ordered-read-streams@npm:1.0.1"
  dependencies:
    readable-stream: ^2.0.1
  checksum: f650ae7590d2696284001016bd4012200a9d4df41b7b25909019cdd8df207abb6ac84d70c91370808745bc0512933f54c34a668a7afc5ada384d8acc7b4380c4
  languageName: node
  linkType: hard

"p-cancelable@npm:^2.0.0":
  version: 2.1.0
  resolution: "p-cancelable@npm:2.1.0"
  checksum: 6031b388a3babef83bbfb25e70089f67e88db05968b8cc6ec2ba54e6bd71ebee113681ffaeee8dec807f9b913e1c6e1c2c15f5a3bff1436ec8947c4e81d420c6
  languageName: node
  linkType: hard

"path-dirname@npm:^1.0.0":
  version: 1.0.2
  resolution: "path-dirname@npm:1.0.2"
  checksum: 4af73745fd97680c95b356b88450cd4c21d6825d0580620331382a6c910b76b3ced4aa2c4ddc2953d938bd758906b3d3aa2f56a2f601ec52763ed2cbbfc0106b
  languageName: node
  linkType: hard

"path-is-absolute@npm:^1.0.0":
  version: 1.0.1
  resolution: "path-is-absolute@npm:1.0.1"
  checksum: 907e1e3e6ac0aef6e65adffd75b3892191d76a5b94c5cf26b43667c4240531d11872ca6979c209b2e5e1609f7f579d02f64ba9936b48bb59d36cc529f0d965ed
  languageName: node
  linkType: hard

"process-nextick-args@npm:^2.0.1, process-nextick-args@npm:~2.0.0":
  version: 2.0.1
  resolution: "process-nextick-args@npm:2.0.1"
  checksum: ddeb0f07d0d5efa649c2c5e39d1afd0e3668df2b392d036c8a508b0034f7beffbc474b3c2f7fd3fed2dc4113cef8f1f7e00d05690df3c611b36f6c7efd7852d1
  languageName: node
  linkType: hard

"psl@npm:^1.1.33":
  version: 1.8.0
  resolution: "psl@npm:1.8.0"
  checksum: 92d47c6257456878bfa8190d76b84de69bcefdc129eeee3f9fe204c15fd08d35fe5b8627033f39b455e40a9375a1474b25ff4ab2c5448dd8c8f75da692d0f5b4
  languageName: node
  linkType: hard

"pump@npm:^2.0.0":
  version: 2.0.1
  resolution: "pump@npm:2.0.1"
  dependencies:
    end-of-stream: ^1.1.0
    once: ^1.3.1
  checksum: 25c657a8f65bb7a8c3c9f806bd282c70a71b4ce41fab66800519fc0ed6b9ab05304569c2d0a1a5711bf39216392c4a583930c582e8fc760391f9f7b2fc6fe14e
  languageName: node
  linkType: hard

"pump@npm:^3.0.0":
  version: 3.0.0
  resolution: "pump@npm:3.0.0"
  dependencies:
    end-of-stream: ^1.1.0
    once: ^1.3.1
  checksum: 5464d5cf6c6f083cc60cb45b074fb9a4a92ba4d3e0d89e9b2fa1906d8151fd3766784a426725ccf1af50d1c29963ac20b13829933549830e08a6704e3f95e08c
  languageName: node
  linkType: hard

"pumpify@npm:^1.3.5":
  version: 1.5.1
  resolution: "pumpify@npm:1.5.1"
  dependencies:
    duplexify: ^3.6.0
    inherits: ^2.0.3
    pump: ^2.0.0
  checksum: c143607284efa8b91baf8e199e90a6560cf599bdb7928686d1f33d3d8bbf71f3bc8c673ed6747ed36b8771982376faa0d5dafc0580eb433c73a825031016aa77
  languageName: node
  linkType: hard

"punycode@npm:^2.1.1":
  version: 2.1.1
  resolution: "punycode@npm:2.1.1"
  checksum: 0202dc191cb35bfd88870ac99a1e824b03486d4cee20b543ef337a6dee8d8b11017da32a3e4c40b69b19976e982c030b62bd72bba42884acb691bc5ef91354c8
  languageName: node
  linkType: hard

"quick-lru@npm:^5.1.1":
  version: 5.1.1
  resolution: "quick-lru@npm:5.1.1"
  checksum: fafb2b2fa1a948d6f2e88d4a60571be70b316d9b0be857d24fba0ac28fc31acebf535b643fe968473d689f8c655bcb2a0e4da67912f571059a4e4eb15740b021
  languageName: node
  linkType: hard

"readable-stream@npm:> 1.0.0 < 3.0.0, readable-stream@npm:^2.0.0, readable-stream@npm:^2.0.1, readable-stream@npm:^2.1.5, readable-stream@npm:~2.3.6":
  version: 2.3.7
  resolution: "readable-stream@npm:2.3.7"
  dependencies:
    core-util-is: ~1.0.0
    inherits: ~2.0.3
    isarray: ~1.0.0
    process-nextick-args: ~2.0.0
    safe-buffer: ~5.1.1
    string_decoder: ~1.1.1
    util-deprecate: ~1.0.1
  checksum: 6e3826560627a751feb3a8aec073ef94c6e47b8c8e06eb5d136323b5f09db9d2077c23a42a8d54ed0123695af54b36c1e4271a8ec55112b15f4b89020d8dec72
  languageName: node
  linkType: hard

"readable-stream@npm:^3.0.0, readable-stream@npm:^3.0.2, readable-stream@npm:^3.1.1, readable-stream@npm:^3.4.0, readable-stream@npm:^3.6.0":
  version: 3.6.0
  resolution: "readable-stream@npm:3.6.0"
  dependencies:
    inherits: ^2.0.3
    string_decoder: ^1.1.1
    util-deprecate: ^1.0.1
  checksum: f178b1daa80d9e58ebba71dbb08486430aa6f0dea3a22a1b7401f3f6983077d0bc0edea43099db06b8d006c9ad48d6383e8fb72c05d5b187670aeaf1b9b44f00
  languageName: node
  linkType: hard

"reinterval@npm:^1.1.0":
  version: 1.1.0
  resolution: "reinterval@npm:1.1.0"
  checksum: 328ada453e5a4945a63cea4e6184c30d87331c0d34aa68bcbe8eb1627d67c5cc7e59f7666b6f4b186390f7850f612a8c152fb6abb32835f75590902b99c410c1
  languageName: node
  linkType: hard

"remove-trailing-separator@npm:^1.0.1":
  version: 1.1.0
  resolution: "remove-trailing-separator@npm:1.1.0"
  checksum: 17dadf3d1f7c51411b7c426c8e2d6a660359bc8dae7686137120483fe4345bfca4bf7460d2c302aa741a7886c932d8dad708d2b971669d74e0fb3ff9a4814408
  languageName: node
  linkType: hard

"resolve-alpn@npm:^1.0.0":
  version: 1.0.0
  resolution: "resolve-alpn@npm:1.0.0"
  checksum: 17baee01c03a57cebd163aa5c9bd94f33646378bce8aa94c7a8d29fc0e1bf0807532bda3c36bb929511606633921d0f4a69e7fcc894cf02ad1c742e649b71673
  languageName: node
  linkType: hard

"responselike@npm:^2.0.0":
  version: 2.0.0
  resolution: "responselike@npm:2.0.0"
  dependencies:
    lowercase-keys: ^2.0.0
  checksum: 11d8225dd8bbbd2ab7482c2e54ff2618e346c7d785e66d2ff5da03d6eafa8b33c3a4c6d685324dccf06f36ee2695db9bd2579382548c2a7253d770204694a63d
  languageName: node
  linkType: hard

"safe-buffer@npm:~5.1.0, safe-buffer@npm:~5.1.1":
  version: 5.1.2
  resolution: "safe-buffer@npm:5.1.2"
  checksum: 2708587c1b5e70a5e420714ceb59f30f5791c6e831d39812125a008eca63a4ac18578abd020a0776ea497ff03b4543f2b2a223a7b9073bf2d6c7af9ec6829218
  languageName: node
  linkType: hard

"safe-buffer@npm:~5.2.0":
  version: 5.2.1
  resolution: "safe-buffer@npm:5.2.1"
  checksum: 0bb57f0d8f9d1fa4fe35ad8a2db1f83a027d48f2822d59ede88fd5cd4ddad83c0b497213feb7a70fbf90597a70c5217f735b0eb1850df40ce9b4ae81dd22b3f9
  languageName: node
  linkType: hard

"split2@npm:^3.1.0":
  version: 3.2.2
  resolution: "split2@npm:3.2.2"
  dependencies:
    readable-stream: ^3.0.0
  checksum: 04bf20af25bfe917edbb7f719cc9dbd2ca16633e4e6a5e343a8c834310aafd802c74b3aceb96acf3571545b0340d55d2d3273dbee8f9bc6a811371dcfbe0c8a7
  languageName: node
  linkType: hard

"stream-shift@npm:^1.0.0":
  version: 1.0.1
  resolution: "stream-shift@npm:1.0.1"
  checksum: 5d777b222e460dc660ee29acad4f99649eb8d0051d3cb648fc92f3f77557b33d0a8ad656291c2cfa87703204191534a6003c2b035606a699674d0bb600353ad3
  languageName: node
  linkType: hard

"string_decoder@npm:^1.1.1":
  version: 1.3.0
  resolution: "string_decoder@npm:1.3.0"
  dependencies:
    safe-buffer: ~5.2.0
  checksum: 0a09afb610cb538707fcf0a50a080f159040529eabdba82f23b04f1d1f90adf9ba18cc3800231c6ab2ee55dece047f4bed87c56da52b2afd85c3c7fb73eb7e48
  languageName: node
  linkType: hard

"string_decoder@npm:~1.1.1":
  version: 1.1.1
  resolution: "string_decoder@npm:1.1.1"
  dependencies:
    safe-buffer: ~5.1.0
  checksum: bc2dc169d83df1b9e94defe7716bcad8a19ffe8211b029581cb0c6f9e83a6a7ba9ec3be38d179708a8643c692868a2b8b004ab159555dc26089ad3fa7b2158f5
  languageName: node
  linkType: hard

"through2-filter@npm:^3.0.0":
  version: 3.0.0
  resolution: "through2-filter@npm:3.0.0"
  dependencies:
    through2: ~2.0.0
    xtend: ~4.0.0
  checksum: 0b667941b8970bb32221cc10d10c58bbe49c80abbc39bdb0f741e03fb442f5235f4df2ff79f1539c1fdf3c90bedb69d1db34640c84eb9582da7044eb5ce19e3d
  languageName: node
  linkType: hard

"through2@npm:^2.0.1, through2@npm:~2.0.0":
  version: 2.0.5
  resolution: "through2@npm:2.0.5"
  dependencies:
    readable-stream: ~2.3.6
    xtend: ~4.0.1
  checksum: 7427403555ead550d3cbe11f69eb07797e27505fc365cf53572111556a7c08625adb5159cad0fc4b9f57babfd937692e34b3a8a20ba35072f4e85f83d340661c
  languageName: node
  linkType: hard

"to-absolute-glob@npm:^2.0.0":
  version: 2.0.2
  resolution: "to-absolute-glob@npm:2.0.2"
  dependencies:
    is-absolute: ^1.0.0
    is-negated-glob: ^1.0.0
  checksum: b2f4257e042a8923526f91ab1983ca3de33478ad0a12a945ef625387925ae11c47aabe8a45c234f86285a39dfa3caf1c9bede5363147d9b648ad30f44efbf78b
  languageName: node
  linkType: hard

"tough-cookie@npm:^4.0.0":
  version: 4.0.0
  resolution: "tough-cookie@npm:4.0.0"
  dependencies:
    psl: ^1.1.33
    punycode: ^2.1.1
    universalify: ^0.1.2
  checksum: 161dc4728e2801c1bd3b32d4d14abd2762120d9ed0b96d892720440aa04ed0ad6c425c38195265c74366fe01d8aaf1cc0a31636cb18b82c9b6ce630743210235
  languageName: node
  linkType: hard

"ts-node@npm:^10.2.1":
  version: 10.2.1
  resolution: "ts-node@npm:10.2.1"
  dependencies:
    "@cspotcode/source-map-support": 0.6.1
    "@tsconfig/node10": ^1.0.7
    "@tsconfig/node12": ^1.0.7
    "@tsconfig/node14": ^1.0.0
    "@tsconfig/node16": ^1.0.2
    acorn: ^8.4.1
    acorn-walk: ^8.1.1
    arg: ^4.1.0
    create-require: ^1.1.0
    diff: ^4.0.1
    make-error: ^1.1.1
    yn: 3.1.1
  peerDependencies:
    "@swc/core": ">=1.2.50"
    "@swc/wasm": ">=1.2.50"
    "@types/node": "*"
    typescript: ">=2.7"
  peerDependenciesMeta:
    "@swc/core":
      optional: true
    "@swc/wasm":
      optional: true
  bin:
    ts-node: dist/bin.js
    ts-node-cwd: dist/bin-cwd.js
    ts-node-script: dist/bin-script.js
    ts-node-transpile-only: dist/bin-transpile.js
    ts-script: dist/bin-script-deprecated.js
  checksum: 528e79c827198c6333830b7f6a92a9af8ac7932c0acb55db5376046cd2fabddf95ff2e1dff572d0175c68d0781f4401142625f3fa3a515124407b8670f3d3835
  languageName: node
  linkType: hard

"typedarray@npm:^0.0.6":
  version: 0.0.6
  resolution: "typedarray@npm:0.0.6"
  checksum: c9ef0176aaf32593514c31e5c6edc1db970847aff6e1f0a0570a6ac0cc996335792f394c2fcec59cc76691d22a01888ea073a2f3c6930cfcf7c519addf4e2ad7
  languageName: node
  linkType: hard

typescript@^4.2.3:
  version: 4.2.3
  resolution: "typescript@npm:4.2.3"
  bin:
    tsc: bin/tsc
    tsserver: bin/tsserver
  checksum: 06e8470f317db6f5e2fce809b20eb84a67a7d8179057abff36e5427bd1b891bd08e54581ff81f0fa36aef9b6d1eb0f54eaf6e2643c6dbd4e37a0adcc41eed256
  languageName: node
  linkType: hard

"typescript@patch:typescript@^4.2.3#builtin<compat/typescript>":
  version: 4.2.3
  resolution: "typescript@patch:typescript@npm%3A4.2.3#builtin<compat/typescript>::version=4.2.3&hash=a45b0e"
  bin:
    tsc: bin/tsc
    tsserver: bin/tsserver
  checksum: a8956044aabf730699bcc3c2475efdd3f35e509329325cf60b4989761d4c2188e2c474183e2cf92b8c201fcf976814a5a16f144508b2a832643c4f972d0ab803
  languageName: node
  linkType: hard

"unc-path-regex@npm:^0.1.2":
  version: 0.1.2
  resolution: "unc-path-regex@npm:0.1.2"
  checksum: 585e29357917a8b529e05db14a3f2e9486258a5826ca9c0eb4f9173c006968ceffba201766d2ff08d38a1e014b69c519294981b29e669a81ea357c0ffd6e326b
  languageName: node
  linkType: hard

"unique-stream@npm:^2.0.2":
  version: 2.3.1
  resolution: "unique-stream@npm:2.3.1"
  dependencies:
    json-stable-stringify-without-jsonify: ^1.0.1
    through2-filter: ^3.0.0
  checksum: 9064f196d58c10ff774c340659e4c7f45f578176dc282212ecfa3864174159fe0ec2895e0804e5da22f23df92d3772cc02ba2510734fcb2ff17b8d975e0d9dab
  languageName: node
  linkType: hard

"universalify@npm:^0.1.2":
  version: 0.1.2
  resolution: "universalify@npm:0.1.2"
  checksum: 420fc6547357782c700d53e9a92506a8e95345b13e97684c8f9ab75237912ec2ebb6af8ac10d4f7406b7b6bd21c58f6c5c0811414fb0b4091b78b4743fa6806e
  languageName: node
  linkType: hard

"util-deprecate@npm:^1.0.1, util-deprecate@npm:~1.0.1":
  version: 1.0.2
  resolution: "util-deprecate@npm:1.0.2"
  checksum: 73c2b1cf0210ccac300645384d8443cabbd93194117b2dc1b3bae8d8279ad39aedac857e020c4ea505e96a1045059c7359db3df6a9df0be6b8584166c9d61dc9
  languageName: node
  linkType: hard

"wrappy@npm:1":
  version: 1.0.2
  resolution: "wrappy@npm:1.0.2"
  checksum: 519fcda0fcdf0c16327be2de9d98646742307bc830277e8868529fcf7566f2b330a6453c233e0cdcb767d5838dd61a90984a02ecc983bcddebea5ad0833bbf98
  languageName: node
  linkType: hard

"ws@npm:^7.3.1":
  version: 7.4.4
  resolution: "ws@npm:7.4.4"
  peerDependencies:
    bufferutil: ^4.0.1
    utf-8-validate: ^5.0.2
  peerDependenciesMeta:
    bufferutil:
      optional: true
    utf-8-validate:
      optional: true
  checksum: ad08761ed753cdd3f7172e9a9efc7d74e7e196623cace2380e5f74ff0abd16196e03223bd4148a34278dcbc653ee3841994635419281cbf303b3f22c589e2ec4
  languageName: node
  linkType: hard

"xtend@npm:^4.0.0, xtend@npm:^4.0.2, xtend@npm:~4.0.0, xtend@npm:~4.0.1":
  version: 4.0.2
  resolution: "xtend@npm:4.0.2"
  checksum: 37ee522a3e9fb9b143a400c30b21dc122aa8c9c9411c6afae1005a4617dc20a21765c114d544e37a6bb60c2733dd8ee0a44ed9e80d884ac78cccd30b5e0ab0da
  languageName: node
  linkType: hard

"yn@npm:3.1.1":
  version: 3.1.1
  resolution: "yn@npm:3.1.1"
  checksum: bff63b80568d80c711670935427494dde47cdf97e8b04196b140ce0af519c81c5ee857eddad0caa8b422dd65aea0157bbfaacbb1546bebba623f0f383d5d9ae5
  languageName: node
  linkType: hard
